
Microsoft Visual Studio Solution File, Format Version 12.00
# Visual Studio 15
VisualStudioVersion = 15.0.27004.2010
MinimumVisualStudioVersion = 10.0.40219.1
Project("{9A19103F-16F7-4668-BE54-9A1E7A4F7556}") = "MrWay.Web", "MrWay.Web\MrWay.Web.csproj", "{C7D33917-8868-4614-8FF7-5E2F2B96B740}"
EndProject
Project("{9A19103F-16F7-4668-BE54-9A1E7A4F7556}") = "MrWay.Domain", "MrWay.Domain\MrWay.Domain.csproj", "{EF3E6913-6C33-49A9-9A51-A62A56B294EB}"
EndProject
Project("{9A19103F-16F7-4668-BE54-9A1E7A4F7556}") = "MrWay.Services", "MrWay.Services\MrWay.Services.csproj", "{327573DA-B0CA-42EC-8B6B-172B97AC29B2}"
EndProject
Project("{FAE04EC0-301F-11D3-BF4B-00C04F79EFBC}") = "MrWay.Data", "MrWay.Data\MrWay.Data.csproj", "{F9B88E8D-A9E8-4ACB-B868-7EE5581D70E1}"
EndProject
Global
	GlobalSection(SolutionConfigurationPlatforms) = preSolution
		Debug|Any CPU = Debug|Any CPU
		Release|Any CPU = Release|Any CPU
	EndGlobalSection
	GlobalSection(ProjectConfigurationPlatforms) = postSolution
		{C7D33917-8868-4614-8FF7-5E2F2B96B740}.Debug|Any CPU.ActiveCfg = Debug|Any CPU
		{C7D33917-8868-4614-8FF7-5E2F2B96B740}.Debug|Any CPU.Build.0 = Debug|Any CPU
		{C7D33917-8868-4614-8FF7-5E2F2B96B740}.Release|Any CPU.ActiveCfg = Release|Any CPU
		{C7D33917-8868-4614-8FF7-5E2F2B96B740}.Release|Any CPU.Build.0 = Release|Any CPU
		{EF3E6913-6C33-49A9-9A51-A62A56B294EB}.Debug|Any CPU.ActiveCfg = Debug|Any CPU
		{EF3E6913-6C33-49A9-9A51-A62A56B294EB}.Debug|Any CPU.Build.0 = Debug|Any CPU
		{EF3E6913-6C33-49A9-9A51-A62A56B294EB}.Release|Any CPU.ActiveCfg = Release|Any CPU
		{EF3E6913-6C33-49A9-9A51-A62A56B294EB}.Release|Any CPU.Build.0 = Release|Any CPU
		{327573DA-B0CA-42EC-8B6B-172B97AC29B2}.Debug|Any CPU.ActiveCfg = Debug|Any CPU
		{327573DA-B0CA-42EC-8B6B-172B97AC29B2}.Debug|Any CPU.Build.0 = Debug|Any CPU
		{327573DA-B0CA-42EC-8B6B-172B97AC29B2}.Release|Any CPU.ActiveCfg = Release|Any CPU
		{327573DA-B0CA-42EC-8B6B-172B97AC29B2}.Release|Any CPU.Build.0 = Release|Any CPU
		{F9B88E8D-A9E8-4ACB-B868-7EE5581D70E1}.Debug|Any CPU.ActiveCfg = Debug|Any CPU
		{F9B88E8D-A9E8-4ACB-B868-7EE5581D70E1}.Debug|Any CPU.Build.0 = Debug|Any CPU
		{F9B88E8D-A9E8-4ACB-B868-7EE5581D70E1}.Release|Any CPU.ActiveCfg = Release|Any CPU
		{F9B88E8D-A9E8-4ACB-B868-7EE5581D70E1}.Release|Any CPU.Build.0 = Release|Any CPU
	EndGlobalSection
	GlobalSection(SolutionProperties) = preSolution
		HideSolutionNode = FALSE
	EndGlobalSection
	GlobalSection(ExtensibilityGlobals) = postSolution
		SolutionGuid = {26EDB207-D456-40D2-A755-41FD2595C38A}
	EndGlobalSection
EndGlobal
